
Microsoft Visual Studio Solution File, Format Version 12.00
# Visual Studio Version 17
VisualStudioVersion = 17.14.37203.1 d17.14
MinimumVisualStudioVersion = 10.0.40219.1
Project("{FAE04EC0-301F-11D3-BF4B-00C04F79EFBC}") = "Baza", "Baza.csproj", "{30B041BD-49AE-49F0-8045-FFD25C0D171C}"
EndProject
Global
	GlobalSection(SolutionConfigurationPlatforms) = preSolution
		Debug|Any CPU = Debug|Any CPU
		Release|Any CPU = Release|Any CPU
	EndGlobalSection
	GlobalSection(ProjectConfigurationPlatforms) = postSolution
		{30B041BD-49AE-49F0-8045-FFD25C0D171C}.Debug|Any CPU.ActiveCfg = Debug|Any CPU
		{30B041BD-49AE-49F0-8045-FFD25C0D171C}.Debug|Any CPU.Build.0 = Debug|Any CPU
		{30B041BD-49AE-49F0-8045-FFD25C0D171C}.Release|Any CPU.ActiveCfg = Release|Any CPU
		{30B041BD-49AE-49F0-8045-FFD25C0D171C}.Release|Any CPU.Build.0 = Release|Any CPU
	EndGlobalSection
	GlobalSection(SolutionProperties) = preSolution
		HideSolutionNode = FALSE
	EndGlobalSection
	GlobalSection(ExtensibilityGlobals) = postSolution
		SolutionGuid = {8C1098A7-8C59-4507-B23A-A7FC37DD4C77}
	EndGlobalSection
EndGlobal
